
Microsoft Visual Studio Solution File, Format Version 12.00
# Visual Studio Version 17
VisualStudioVersion = 17.10.35004.147
MinimumVisualStudioVersion = 10.0.40219.1
Project("{FAE04EC0-301F-11D3-BF4B-00C04F79EFBC}") = "uslovia4", "uslovia4\uslovia4.csproj", "{28790260-C68D-4CC4-ABFF-98A4D8F6381C}"
EndProject
Global
	GlobalSection(SolutionConfigurationPlatforms) = preSolution
		Debug|Any CPU = Debug|Any CPU
		Release|Any CPU = Release|Any CPU
	EndGlobalSection
	GlobalSection(ProjectConfigurationPlatforms) = postSolution
		{28790260-C68D-4CC4-ABFF-98A4D8F6381C}.Debug|Any CPU.ActiveCfg = Debug|Any CPU
		{28790260-C68D-4CC4-ABFF-98A4D8F6381C}.Debug|Any CPU.Build.0 = Debug|Any CPU
		{28790260-C68D-4CC4-ABFF-98A4D8F6381C}.Release|Any CPU.ActiveCfg = Release|Any CPU
		{28790260-C68D-4CC4-ABFF-98A4D8F6381C}.Release|Any CPU.Build.0 = Release|Any CPU
	EndGlobalSection
	GlobalSection(SolutionProperties) = preSolution
		HideSolutionNode = FALSE
	EndGlobalSection
	GlobalSection(ExtensibilityGlobals) = postSolution
		SolutionGuid = {63ADB924-817F-4EF2-967D-002AFB5BA1FA}
	EndGlobalSection
EndGlobal
